
Microsoft Visual Studio Solution File, Format Version 12.00
# Visual Studio 15
VisualStudioVersion = 15.0.34930.48
MinimumVisualStudioVersion = 10.0.40219.1
Project("{9A19103F-16F7-4668-BE54-9A1E7A4F7556}") = "PinAdapter", "PinAdapter\PinAdapter.csproj", "{B8E140D2-BEA6-48A6-A5CF-8F8300233433}"
EndProject
Global
	GlobalSection(SolutionConfigurationPlatforms) = preSolution
		Debug|Any CPU = Debug|Any CPU
		Debug|x86 = Debug|x86
		Release|Any CPU = Release|Any CPU
		Release|x86 = Release|x86
	EndGlobalSection
	GlobalSection(ProjectConfigurationPlatforms) = postSolution
		{B8E140D2-BEA6-48A6-A5CF-8F8300233433}.Debug|Any CPU.ActiveCfg = Debug|Any CPU
		{B8E140D2-BEA6-48A6-A5CF-8F8300233433}.Debug|Any CPU.Build.0 = Debug|Any CPU
		{B8E140D2-BEA6-48A6-A5CF-8F8300233433}.Debug|x86.ActiveCfg = Debug|x86
		{B8E140D2-BEA6-48A6-A5CF-8F8300233433}.Debug|x86.Build.0 = Debug|x86
		{B8E140D2-BEA6-48A6-A5CF-8F8300233433}.Release|Any CPU.ActiveCfg = Release|Any CPU
		{B8E140D2-BEA6-48A6-A5CF-8F8300233433}.Release|Any CPU.Build.0 = Release|Any CPU
		{B8E140D2-BEA6-48A6-A5CF-8F8300233433}.Release|x86.ActiveCfg = Release|x86
		{B8E140D2-BEA6-48A6-A5CF-8F8300233433}.Release|x86.Build.0 = Release|x86
	EndGlobalSection
	GlobalSection(SolutionProperties) = preSolution
		HideSolutionNode = FALSE
	EndGlobalSection
	GlobalSection(ExtensibilityGlobals) = postSolution
		SolutionGuid = {515A77C4-EE0E-4DF0-9389-3ACCEFABE459}
	EndGlobalSection
EndGlobal
